{
  "name": "photography",
  "version": "1.0.0",
  "lockfileVersion": 1,
  "requires": true,
  "dependencies": {
    "apifm-wxapi": {
      "version": "2.1.0",
      "resolved": "https://registry.npmjs.org/apifm-wxapi/-/apifm-wxapi-2.1.0.tgz",
      "integrity": "sha512-t4AD3GXsZyGcVEhaV277PnY9DiEuKOTPQKc9qPhCD7aiE6x8ycU2MKfP5e5Xk0YSNzQE2crX7Ale34+p6a8ttg=="
    }
  }
}
