{
  "name": "photography",
  "version": "1.0.0",
  "lockfileVersion": 1,
  "requires": true,
  "dependencies": {
    "apifm-wxapi": {
      "version": "2.2.0",
      "resolved": "https://registry.npmjs.org/apifm-wxapi/-/apifm-wxapi-2.2.0.tgz",
      "integrity": "sha512-uOiyBjqk7v5ZIGMhGNy9HaJh32Ag9AredhhK+809J0uYFxvx4IYXheT97UtA9XB9CQNjp3AMxIjzk0Xd86Wsiw=="
    }
  }
}
